{
  "name": "unilend",
  "version": "1.0.0",
  "lockfileVersion": 3,
  "requires": true,
  "packages": {
    "": {
      "name": "unilend",
      "version": "1.0.0"
    },
    "src/dataconnect-generated": {
      "name": "@dataconnect/generated",
      "version": "1.0.0",
      "extraneous": true,
      "license": "Apache-2.0",
      "engines": {
        "node": " >=18.0"
      },
      "peerDependencies": {
        "firebase": "^12.11.0"
      }
    }
  }
}
